
Microsoft Visual Studio Solution File, Format Version 12.00
# Visual Studio Version 16
VisualStudioVersion = 25.0.1706.11
MinimumVisualStudioVersion = 10.0.40219.1
Project("{FAE04EC0-301F-11D3-BF4B-00C04F79EFBC}") = "ExpensesAPI", "ExpensesAPI.csproj", "{11284CC5-7BF4-4000-A9AF-7255C9F6D658}"
EndProject
Global
	GlobalSection(SolutionConfigurationPlatforms) = preSolution
		Debug|Any CPU = Debug|Any CPU
		Release|Any CPU = Release|Any CPU
	EndGlobalSection
	GlobalSection(ProjectConfigurationPlatforms) = postSolution
		{11284CC5-7BF4-4000-A9AF-7255C9F6D658}.Debug|Any CPU.ActiveCfg = Debug|Any CPU
		{11284CC5-7BF4-4000-A9AF-7255C9F6D658}.Debug|Any CPU.Build.0 = Debug|Any CPU
		{11284CC5-7BF4-4000-A9AF-7255C9F6D658}.Release|Any CPU.ActiveCfg = Release|Any CPU
		{11284CC5-7BF4-4000-A9AF-7255C9F6D658}.Release|Any CPU.Build.0 = Release|Any CPU
	EndGlobalSection
	GlobalSection(SolutionProperties) = preSolution
		HideSolutionNode = FALSE
	EndGlobalSection
	GlobalSection(ExtensibilityGlobals) = postSolution
		SolutionGuid = {57481666-A0F5-4876-BA42-D6BFF902B91F}
	EndGlobalSection
EndGlobal
