
Microsoft Visual Studio Solution File, Format Version 12.00
# Visual Studio Version 16
VisualStudioVersion = 25.0.1706.9
MinimumVisualStudioVersion = 10.0.40219.1
Project("{FAE04EC0-301F-11D3-BF4B-00C04F79EFBC}") = "lab 3 2", "lab 3 2.csproj", "{5AADD215-DEA4-47D6-9E5D-120C0DBD794A}"
EndProject
Global
	GlobalSection(SolutionConfigurationPlatforms) = preSolution
		Debug|Any CPU = Debug|Any CPU
		Release|Any CPU = Release|Any CPU
	EndGlobalSection
	GlobalSection(ProjectConfigurationPlatforms) = postSolution
		{5AADD215-DEA4-47D6-9E5D-120C0DBD794A}.Debug|Any CPU.ActiveCfg = Debug|Any CPU
		{5AADD215-DEA4-47D6-9E5D-120C0DBD794A}.Debug|Any CPU.Build.0 = Debug|Any CPU
		{5AADD215-DEA4-47D6-9E5D-120C0DBD794A}.Release|Any CPU.ActiveCfg = Release|Any CPU
		{5AADD215-DEA4-47D6-9E5D-120C0DBD794A}.Release|Any CPU.Build.0 = Release|Any CPU
	EndGlobalSection
	GlobalSection(SolutionProperties) = preSolution
		HideSolutionNode = FALSE
	EndGlobalSection
	GlobalSection(ExtensibilityGlobals) = postSolution
		SolutionGuid = {F51F6E73-C21A-41E3-9A27-0CA936BEC3C5}
	EndGlobalSection
EndGlobal
