
Microsoft Visual Studio Solution File, Format Version 12.00
# Visual Studio Version 16
VisualStudioVersion = 25.0.1706.7
MinimumVisualStudioVersion = 10.0.40219.1
Project("{FAE04EC0-301F-11D3-BF4B-00C04F79EFBC}") = "лаб 1 зад 2", "лаб 1 зад 2.csproj", "{9A551917-A57A-414D-BE1F-3FD06E665D18}"
EndProject
Global
	GlobalSection(SolutionConfigurationPlatforms) = preSolution
		Debug|Any CPU = Debug|Any CPU
		Release|Any CPU = Release|Any CPU
	EndGlobalSection
	GlobalSection(ProjectConfigurationPlatforms) = postSolution
		{9A551917-A57A-414D-BE1F-3FD06E665D18}.Debug|Any CPU.ActiveCfg = Debug|Any CPU
		{9A551917-A57A-414D-BE1F-3FD06E665D18}.Debug|Any CPU.Build.0 = Debug|Any CPU
		{9A551917-A57A-414D-BE1F-3FD06E665D18}.Release|Any CPU.ActiveCfg = Release|Any CPU
		{9A551917-A57A-414D-BE1F-3FD06E665D18}.Release|Any CPU.Build.0 = Release|Any CPU
	EndGlobalSection
	GlobalSection(SolutionProperties) = preSolution
		HideSolutionNode = FALSE
	EndGlobalSection
	GlobalSection(ExtensibilityGlobals) = postSolution
		SolutionGuid = {4F11934C-7D2F-4005-99B9-FA7E11F37FD4}
	EndGlobalSection
EndGlobal
